
Microsoft Visual Studio Solution File, Format Version 12.00
# Visual Studio Version 17
VisualStudioVersion = 17.3.32922.545
MinimumVisualStudioVersion = 10.0.40219.1
Project("{FAE04EC0-301F-11D3-BF4B-00C04F79EFBC}") = "Setul 3", "Setul 3\Setul 3.csproj", "{889EA9DB-6904-49D5-BF73-A2840387E34E}"
EndProject
Global
	GlobalSection(SolutionConfigurationPlatforms) = preSolution
		Debug|Any CPU = Debug|Any CPU
		Release|Any CPU = Release|Any CPU
	EndGlobalSection
	GlobalSection(ProjectConfigurationPlatforms) = postSolution
		{889EA9DB-6904-49D5-BF73-A2840387E34E}.Debug|Any CPU.ActiveCfg = Debug|Any CPU
		{889EA9DB-6904-49D5-BF73-A2840387E34E}.Debug|Any CPU.Build.0 = Debug|Any CPU
		{889EA9DB-6904-49D5-BF73-A2840387E34E}.Release|Any CPU.ActiveCfg = Release|Any CPU
		{889EA9DB-6904-49D5-BF73-A2840387E34E}.Release|Any CPU.Build.0 = Release|Any CPU
	EndGlobalSection
	GlobalSection(SolutionProperties) = preSolution
		HideSolutionNode = FALSE
	EndGlobalSection
	GlobalSection(ExtensibilityGlobals) = postSolution
		SolutionGuid = {59392B40-34CE-4EFA-92C1-A48D632D0D5B}
	EndGlobalSection
EndGlobal
